
Microsoft Visual Studio Solution File, Format Version 12.00
# Visual Studio Version 16
VisualStudioVersion = 16.0.30907.101
MinimumVisualStudioVersion = 10.0.40219.1
Project("{FAE04EC0-301F-11D3-BF4B-00C04F79EFBC}") = "EFModeling", "FluentAPI\EFModeling.csproj", "{912084FD-9179-4121-A01A-96603BD84CC9}"
EndProject
Project("{FAE04EC0-301F-11D3-BF4B-00C04F79EFBC}") = "EntityTypes", "EntityTypes\EntityTypes.csproj", "{4D93A2A1-93BE-446E-BA06-408126627C5B}"
EndProject
Global
	GlobalSection(SolutionConfigurationPlatforms) = preSolution
		Debug|Any CPU = Debug|Any CPU
		Release|Any CPU = Release|Any CPU
	EndGlobalSection
	GlobalSection(ProjectConfigurationPlatforms) = postSolution
		{912084FD-9179-4121-A01A-96603BD84CC9}.Debug|Any CPU.ActiveCfg = Debug|Any CPU
		{912084FD-9179-4121-A01A-96603BD84CC9}.Debug|Any CPU.Build.0 = Debug|Any CPU
		{912084FD-9179-4121-A01A-96603BD84CC9}.Release|Any CPU.ActiveCfg = Release|Any CPU
		{912084FD-9179-4121-A01A-96603BD84CC9}.Release|Any CPU.Build.0 = Release|Any CPU
		{4D93A2A1-93BE-446E-BA06-408126627C5B}.Debug|Any CPU.ActiveCfg = Debug|Any CPU
		{4D93A2A1-93BE-446E-BA06-408126627C5B}.Debug|Any CPU.Build.0 = Debug|Any CPU
		{4D93A2A1-93BE-446E-BA06-408126627C5B}.Release|Any CPU.ActiveCfg = Release|Any CPU
		{4D93A2A1-93BE-446E-BA06-408126627C5B}.Release|Any CPU.Build.0 = Release|Any CPU
	EndGlobalSection
	GlobalSection(SolutionProperties) = preSolution
		HideSolutionNode = FALSE
	EndGlobalSection
	GlobalSection(ExtensibilityGlobals) = postSolution
		SolutionGuid = {160AF35B-9A10-411A-A510-60427A1650B5}
	EndGlobalSection
EndGlobal
